
Microsoft Visual Studio Solution File, Format Version 12.00
# Visual Studio Version 16
VisualStudioVersion = 16.0.30114.105
MinimumVisualStudioVersion = 10.0.40219.1
Project("{FAE04EC0-301F-11D3-BF4B-00C04F79EFBC}") = "Gateway.Web", "Gateway.Web\Gateway.Web.csproj", "{17BE3E33-9BC8-4A16-BD57-D77712FE4430}"
EndProject
Global
	GlobalSection(SolutionConfigurationPlatforms) = preSolution
		Debug|Any CPU = Debug|Any CPU
		Release|Any CPU = Release|Any CPU
	EndGlobalSection
	GlobalSection(SolutionProperties) = preSolution
		HideSolutionNode = FALSE
	EndGlobalSection
	GlobalSection(ProjectConfigurationPlatforms) = postSolution
		{17BE3E33-9BC8-4A16-BD57-D77712FE4430}.Debug|Any CPU.ActiveCfg = Debug|Any CPU
		{17BE3E33-9BC8-4A16-BD57-D77712FE4430}.Debug|Any CPU.Build.0 = Debug|Any CPU
		{17BE3E33-9BC8-4A16-BD57-D77712FE4430}.Release|Any CPU.ActiveCfg = Release|Any CPU
		{17BE3E33-9BC8-4A16-BD57-D77712FE4430}.Release|Any CPU.Build.0 = Release|Any CPU
	EndGlobalSection
EndGlobal
